// !$*UTF8*$!
{
	archiveVersion = 1;
	classes = {
	};
	objectVersion = 50;
	objects = {

/* Begin PBXBuildFile section */
		D54A529D23232D1A0050E4B1 /* AppDelegate.swift in Sources */ = {isa = PBXBuildFile; fileRef = D54A529C23232D1A0050E4B1 /* AppDelegate.swift */; };
		D54A52A223232D1A0050E4B1 /* Main.storyboard in Resources */ = {isa = PBXBuildFile; fileRef = D54A52A023232D1A0050E4B1 /* Main.storyboard */; };
		D54A52A523232D1A0050E4B1 /* JSON_Serialization.xcdatamodeld in Sources */ = {isa = PBXBuildFile; fileRef = D54A52A323232D1A0050E4B1 /* JSON_Serialization.xcdatamodeld */; };
		D54A52A723232D1C0050E4B1 /* Assets.xcassets in Resources */ = {isa = PBXBuildFile; fileRef = D54A52A623232D1C0050E4B1 /* Assets.xcassets */; };
		D54A52AA23232D1C0050E4B1 /* LaunchScreen.storyboard in Resources */ = {isa = PBXBuildFile; fileRef = D54A52A823232D1C0050E4B1 /* LaunchScreen.storyboard */; };
		D54A52B523232D1C0050E4B1 /* JSON_SerializationUITests.swift in Sources */ = {isa = PBXBuildFile; fileRef = D54A52B423232D1C0050E4B1 /* JSON_SerializationUITests.swift */; };
		D54A52C023232DC50050E4B1 /* JSONViewController.swift in Sources */ = {isa = PBXBuildFile; fileRef = D54A52BF23232DC50050E4B1 /* JSONViewController.swift */; };
		D54A52C42323524E0050E4B1 /* Photos.swift in Sources */ = {isa = PBXBuildFile; fileRef = D54A52C32323524E0050E4B1 /* Photos.swift */; };
/* End PBXBuildFile section */

/* Begin PBXContainerItemProxy section */
		D54A52B123232D1C0050E4B1 /* PBXContainerItemProxy */ = {
			isa = PBXContainerItemProxy;
			containerPortal = D54A529123232D1A0050E4B1 /* Project object */;
			proxyType = 1;
			remoteGlobalIDString = D54A529823232D1A0050E4B1;
			remoteInfo = "JSON Serialization";
		};
/* End PBXContainerItemProxy section */

/* Begin PBXFileReference section */
		D54A529923232D1A0050E4B1 /* JSON Serialization.app */ = {isa = PBXFileReference; explicitFileType = wrapper.application; includeInIndex = 0; path = "JSON Serialization.app"; sourceTree = BUILT_PRODUCTS_DIR; };
		D54A529C23232D1A0050E4B1 /* AppDelegate.swift */ = {isa = PBXFileReference; lastKnownFileType = sourcecode.swift; path = AppDelegate.swift; sourceTree = "<group>"; };
		D54A52A123232D1A0050E4B1 /* Base */ = {isa = PBXFileReference; lastKnownFileType = file.storyboard; name = Base; path = Base.lproj/Main.storyboard; sourceTree = "<group>"; };
		D54A52A423232D1A0050E4B1 /* JSON_Serialization.xcdatamodel */ = {isa = PBXFileReference; lastKnownFileType = wrapper.xcdatamodel; path = JSON_Serialization.xcdatamodel; sourceTree = "<group>"; };
		D54A52A623232D1C0050E4B1 /* Assets.xcassets */ = {isa = PBXFileReference; lastKnownFileType = folder.assetcatalog; path = Assets.xcassets; sourceTree = "<group>"; };
		D54A52A923232D1C0050E4B1 /* Base */ = {isa = PBXFileReference; lastKnownFileType = file.storyboard; name = Base; path = Base.lproj/LaunchScreen.storyboard; sourceTree = "<group>"; };
		D54A52AB23232D1C0050E4B1 /* Info.plist */ = {isa = PBXFileReference; lastKnownFileType = text.plist.xml; path = Info.plist; sourceTree = "<group>"; };
		D54A52B023232D1C0050E4B1 /* JSON SerializationUITests.xctest */ = {isa = PBXFileReference; explicitFileType = wrapper.cfbundle; includeInIndex = 0; path = "JSON SerializationUITests.xctest"; sourceTree = BUILT_PRODUCTS_DIR; };
		D54A52B423232D1C0050E4B1 /* JSON_SerializationUITests.swift */ = {isa = PBXFileReference; lastKnownFileType = sourcecode.swift; path = JSON_SerializationUITests.swift; sourceTree = "<group>"; };
		D54A52B623232D1C0050E4B1 /* Info.plist */ = {isa = PBXFileReference; lastKnownFileType = text.plist.xml; path = Info.plist; sourceTree = "<group>"; };
		D54A52BF23232DC50050E4B1 /* JSONViewController.swift */ = {isa = PBXFileReference; lastKnownFileType = sourcecode.swift; path = JSONViewController.swift; sourceTree = "<group>"; };
		D54A52C32323524E0050E4B1 /* Photos.swift */ = {isa = PBXFileReference; lastKnownFileType = sourcecode.swift; path = Photos.swift; sourceTree = "<group>"; };
/* End PBXFileReference section */

/* Begin PBXFrameworksBuildPhase section */
		D54A529623232D1A0050E4B1 /* Frameworks */ = {
			isa = PBXFrameworksBuildPhase;
			buildActionMask = 2147483647;
			files = (
			);
			runOnlyForDeploymentPostprocessing = 0;
		};
		D54A52AD23232D1C0050E4B1 /* Frameworks */ = {
			isa = PBXFrameworksBuildPhase;
			buildActionMask = 2147483647;
			files = (
			);
			runOnlyForDeploymentPostprocessing = 0;
		};
/* End PBXFrameworksBuildPhase section */

/* Begin PBXGroup section */
		D54A529023232D1A0050E4B1 = {
			isa = PBXGroup;
			children = (
				D54A529B23232D1A0050E4B1 /* JSON Serialization */,
				D54A52B323232D1C0050E4B1 /* JSON SerializationUITests */,
				D54A529A23232D1A0050E4B1 /* Products */,
			);
			sourceTree = "<group>";
		};
		D54A529A23232D1A0050E4B1 /* Products */ = {
			isa = PBXGroup;
			children = (
				D54A529923232D1A0050E4B1 /* JSON Serialization.app */,
				D54A52B023232D1C0050E4B1 /* JSON SerializationUITests.xctest */,
			);
			name = Products;
			sourceTree = "<group>";
		};
		D54A529B23232D1A0050E4B1 /* JSON Serialization */ = {
			isa = PBXGroup;
			children = (
				D54A529C23232D1A0050E4B1 /* AppDelegate.swift */,
				D54A52A023232D1A0050E4B1 /* Main.storyboard */,
				D54A52A623232D1C0050E4B1 /* Assets.xcassets */,
				D54A52A823232D1C0050E4B1 /* LaunchScreen.storyboard */,
				D54A52AB23232D1C0050E4B1 /* Info.plist */,
				D54A52A323232D1A0050E4B1 /* JSON_Serialization.xcdatamodeld */,
				D54A52BF23232DC50050E4B1 /* JSONViewController.swift */,
				D54A52C32323524E0050E4B1 /* Photos.swift */,
			);
			path = "JSON Serialization";
			sourceTree = "<group>";
		};
		D54A52B323232D1C0050E4B1 /* JSON SerializationUITests */ = {
			isa = PBXGroup;
			children = (
				D54A52B423232D1C0050E4B1 /* JSON_SerializationUITests.swift */,
				D54A52B623232D1C0050E4B1 /* Info.plist */,
			);
			path = "JSON SerializationUITests";
			sourceTree = "<group>";
		};
/* End PBXGroup section */

/* Begin PBXNativeTarget section */
		D54A529823232D1A0050E4B1 /* JSON Serialization */ = {
			isa = PBXNativeTarget;
			buildConfigurationList = D54A52B923232D1C0050E4B1 /* Build configuration list for PBXNativeTarget "JSON Serialization" */;
			buildPhases = (
				D54A529523232D1A0050E4B1 /* Sources */,
				D54A529623232D1A0050E4B1 /* Frameworks */,
				D54A529723232D1A0050E4B1 /* Resources */,
			);
			buildRules = (
			);
			dependencies = (
			);
			name = "JSON Serialization";
			productName = "JSON Serialization";
			productReference = D54A529923232D1A0050E4B1 /* JSON Serialization.app */;
			productType = "com.apple.product-type.application";
		};
		D54A52AF23232D1C0050E4B1 /* JSON SerializationUITests */ = {
			isa = PBXNativeTarget;
			buildConfigurationList = D54A52BC23232D1C0050E4B1 /* Build configuration list for PBXNativeTarget "JSON SerializationUITests" */;
			buildPhases = (
				D54A52AC23232D1C0050E4B1 /* Sources */,
				D54A52AD23232D1C0050E4B1 /* Frameworks */,
				D54A52AE23232D1C0050E4B1 /* Resources */,
			);
			buildRules = (
			);
			dependencies = (
				D54A52B223232D1C0050E4B1 /* PBXTargetDependency */,
			);
			name = "JSON SerializationUITests";
			productName = "JSON SerializationUITests";
			productReference = D54A52B023232D1C0050E4B1 /* JSON SerializationUITests.xctest */;
			productType = "com.apple.product-type.bundle.ui-testing";
		};
/* End PBXNativeTarget section */

/* Begin PBXProject section */
		D54A529123232D1A0050E4B1 /* Project object */ = {
			isa = PBXProject;
			attributes = {
				LastSwiftUpdateCheck = 1030;
				LastUpgradeCheck = 1030;
				ORGANIZATIONNAME = "Felipe Costa";
				TargetAttributes = {
					D54A529823232D1A0050E4B1 = {
						CreatedOnToolsVersion = 10.3;
					};
					D54A52AF23232D1C0050E4B1 = {
						CreatedOnToolsVersion = 10.3;
						TestTargetID = D54A529823232D1A0050E4B1;
					};
				};
			};
			buildConfigurationList = D54A529423232D1A0050E4B1 /* Build configuration list for PBXProject "JSON Serialization" */;
			compatibilityVersion = "Xcode 9.3";
			developmentRegion = en;
			hasScannedForEncodings = 0;
			knownRegions = (
				en,
				Base,
			);
			mainGroup = D54A529023232D1A0050E4B1;
			productRefGroup = D54A529A23232D1A0050E4B1 /* Products */;
			projectDirPath = "";
			projectRoot = "";
			targets = (
				D54A529823232D1A0050E4B1 /* JSON Serialization */,
				D54A52AF23232D1C0050E4B1 /* JSON SerializationUITests */,
			);
		};
/* End PBXProject section */

/* Begin PBXResourcesBuildPhase section */
		D54A529723232D1A0050E4B1 /* Resources */ = {
			isa = PBXResourcesBuildPhase;
			buildActionMask = 2147483647;
			files = (
				D54A52AA23232D1C0050E4B1 /* LaunchScreen.storyboard in Resources */,
				D54A52A723232D1C0050E4B1 /* Assets.xcassets in Resources */,
				D54A52A223232D1A0050E4B1 /* Main.storyboard in Resources */,
			);
			runOnlyForDeploymentPostprocessing = 0;
		};
		D54A52AE23232D1C0050E4B1 /* Resources */ = {
			isa = PBXResourcesBuildPhase;
			buildActionMask = 2147483647;
			files = (
			);
			runOnlyForDeploymentPostprocessing = 0;
		};
/* End PBXResourcesBuildPhase section */

/* Begin PBXSourcesBuildPhase section */
		D54A529523232D1A0050E4B1 /* Sources */ = {
			isa = PBXSourcesBuildPhase;
			buildActionMask = 2147483647;
			files = (
				D54A52C42323524E0050E4B1 /* Photos.swift in Sources */,
				D54A52A523232D1A0050E4B1 /* JSON_Serialization.xcdatamodeld in Sources */,
				D54A529D23232D1A0050E4B1 /* AppDelegate.swift in Sources */,
				D54A52C023232DC50050E4B1 /* JSONViewController.swift in Sources */,
			);
			runOnlyForDeploymentPostprocessing = 0;
		};
		D54A52AC23232D1C0050E4B1 /* Sources */ = {
			isa = PBXSourcesBuildPhase;
			buildActionMask = 2147483647;
			files = (
				D54A52B523232D1C0050E4B1 /* JSON_SerializationUITests.swift in Sources */,
			);
			runOnlyForDeploymentPostprocessing = 0;
		};
/* End PBXSourcesBuildPhase section */

/* Begin PBXTargetDependency section */
		D54A52B223232D1C0050E4B1 /* PBXTargetDependency */ = {
			isa = PBXTargetDependency;
			target = D54A529823232D1A0050E4B1 /* JSON Serialization */;
			targetProxy = D54A52B123232D1C0050E4B1 /* PBXContainerItemProxy */;
		};
/* End PBXTargetDependency section */

/* Begin PBXVariantGroup section */
		D54A52A023232D1A0050E4B1 /* Main.storyboard */ = {
			isa = PBXVariantGroup;
			children = (
				D54A52A123232D1A0050E4B1 /* Base */,
			);
			name = Main.storyboard;
			sourceTree = "<group>";
		};
		D54A52A823232D1C0050E4B1 /* LaunchScreen.storyboard */ = {
			isa = PBXVariantGroup;
			children = (
				D54A52A923232D1C0050E4B1 /* Base */,
			);
			name = LaunchScreen.storyboard;
			sourceTree = "<group>";
		};
/* End PBXVariantGroup section */

/* Begin XCBuildConfiguration section */
		D54A52B723232D1C0050E4B1 /* Debug */ = {
			isa = XCBuildConfiguration;
			buildSettings = {
				ALWAYS_SEARCH_USER_PATHS = NO;
				CLANG_ANALYZER_NONNULL = YES;
				CLANG_ANALYZER_NUMBER_OBJECT_CONVERSION = YES_AGGRESSIVE;
				CLANG_CXX_LANGUAGE_STANDARD = "gnu++14";
				CLANG_CXX_LIBRARY = "libc++";
				CLANG_ENABLE_MODULES = YES;
				CLANG_ENABLE_OBJC_ARC = YES;
				CLANG_ENABLE_OBJC_WEAK = YES;
				CLANG_WARN_BLOCK_CAPTURE_AUTORELEASING = YES;
				CLANG_WARN_BOOL_CONVERSION = YES;
				CLANG_WARN_COMMA = YES;
				CLANG_WARN_CONSTANT_CONVERSION = YES;
				CLANG_WARN_DEPRECATED_OBJC_IMPLEMENTATIONS = YES;
				CLANG_WARN_DIRECT_OBJC_ISA_USAGE = YES_ERROR;
				CLANG_WARN_DOCUMENTATION_COMMENTS = YES;
				CLANG_WARN_EMPTY_BODY = YES;
				CLANG_WARN_ENUM_CONVERSION = YES;
				CLANG_WARN_INFINITE_RECURSION = YES;
				CLANG_WARN_INT_CONVERSION = YES;
				CLANG_WARN_NON_LITERAL_NULL_CONVERSION = YES;
				CLANG_WARN_OBJC_IMPLICIT_RETAIN_SELF = YES;
				CLANG_WARN_OBJC_LITERAL_CONVERSION = YES;
				CLANG_WARN_OBJC_ROOT_CLASS = YES_ERROR;
				CLANG_WARN_RANGE_LOOP_ANALYSIS = YES;
				CLANG_WARN_STRICT_PROTOTYPES = YES;
				CLANG_WARN_SUSPICIOUS_MOVE = YES;
				CLANG_WARN_UNGUARDED_AVAILABILITY = YES_AGGRESSIVE;
				CLANG_WARN_UNREACHABLE_CODE = YES;
				CLANG_WARN__DUPLICATE_METHOD_MATCH = YES;
				CODE_SIGN_IDENTITY = "iPhone Developer";
				COPY_PHASE_STRIP = NO;
				DEBUG_INFORMATION_FORMAT = dwarf;
				ENABLE_STRICT_OBJC_MSGSEND = YES;
				ENABLE_TESTABILITY = YES;
				GCC_C_LANGUAGE_STANDARD = gnu11;
				GCC_DYNAMIC_NO_PIC = NO;
				GCC_NO_COMMON_BLOCKS = YES;
				GCC_OPTIMIZATION_LEVEL = 0;
				GCC_PREPROCESSOR_DEFINITIONS = (
					"DEBUG=1",
					"$(inherited)",
				);
				GCC_WARN_64_TO_32_BIT_CONVERSION = YES;
				GCC_WARN_ABOUT_RETURN_TYPE = YES_ERROR;
				GCC_WARN_UNDECLARED_SELECTOR = YES;
				GCC_WARN_UNINITIALIZED_AUTOS = YES_AGGRESSIVE;
				GCC_WARN_UNUSED_FUNCTION = YES;
				GCC_WARN_UNUSED_VARIABLE = YES;
				IPHONEOS_DEPLOYMENT_TARGET = 12.4;
				MTL_ENABLE_DEBUG_INFO = INCLUDE_SOURCE;
				MTL_FAST_MATH = YES;
				ONLY_ACTIVE_ARCH = YES;
				SDKROOT = iphoneos;
				SWIFT_ACTIVE_COMPILATION_CONDITIONS = DEBUG;
				SWIFT_OPTIMIZATION_LEVEL = "-Onone";
			};
			name = Debug;
		};
		D54A52B823232D1C0050E4B1 /* Release */ = {
			isa = XCBuildConfiguration;
			buildSettings = {
				ALWAYS_SEARCH_USER_PATHS = NO;
				CLANG_ANALYZER_NONNULL = YES;
				CLANG_ANALYZER_NUMBER_OBJECT_CONVERSION = YES_AGGRESSIVE;
				CLANG_CXX_LANGUAGE_STANDARD = "gnu++14";
				CLANG_CXX_LIBRARY = "libc++";
				CLANG_ENABLE_MODULES = YES;
				CLANG_ENABLE_OBJC_ARC = YES;
				CLANG_ENABLE_OBJC_WEAK = YES;
				CLANG_WARN_BLOCK_CAPTURE_AUTORELEASING = YES;
				CLANG_WARN_BOOL_CONVERSION = YES;
				CLANG_WARN_COMMA = YES;
				CLANG_WARN_CONSTANT_CONVERSION = YES;
				CLANG_WARN_DEPRECATED_OBJC_IMPLEMENTATIONS = YES;
				CLANG_WARN_DIRECT_OBJC_ISA_USAGE = YES_ERROR;
				CLANG_WARN_DOCUMENTATION_COMMENTS = YES;
				CLANG_WARN_EMPTY_BODY = YES;
				CLANG_WARN_ENUM_CONVERSION = YES;
				CLANG_WARN_INFINITE_RECURSION = YES;
				CLANG_WARN_INT_CONVERSION = YES;
				CLANG_WARN_NON_LITERAL_NULL_CONVERSION = YES;
				CLANG_WARN_OBJC_IMPLICIT_RETAIN_SELF = YES;
				CLANG_WARN_OBJC_LITERAL_CONVERSION = YES;
				CLANG_WARN_OBJC_ROOT_CLASS = YES_ERROR;
				CLANG_WARN_RANGE_LOOP_ANALYSIS = YES;
				CLANG_WARN_STRICT_PROTOTYPES = YES;
				CLANG_WARN_SUSPICIOUS_MOVE = YES;
				CLANG_WARN_UNGUARDED_AVAILABILITY = YES_AGGRESSIVE;
				CLANG_WARN_UNREACHABLE_CODE = YES;
				CLANG_WARN__DUPLICATE_METHOD_MATCH = YES;
				CODE_SIGN_IDENTITY = "iPhone Developer";
				COPY_PHASE_STRIP = NO;
				DEBUG_INFORMATION_FORMAT = "dwarf-with-dsym";
				ENABLE_NS_ASSERTIONS = NO;
				ENABLE_STRICT_OBJC_MSGSEND = YES;
				GCC_C_LANGUAGE_STANDARD = gnu11;
				GCC_NO_COMMON_BLOCKS = YES;
				GCC_WARN_64_TO_32_BIT_CONVERSION = YES;
				GCC_WARN_ABOUT_RETURN_TYPE = YES_ERROR;
				GCC_WARN_UNDECLARED_SELECTOR = YES;
				GCC_WARN_UNINITIALIZED_AUTOS = YES_AGGRESSIVE;
				GCC_WARN_UNUSED_FUNCTION = YES;
				GCC_WARN_UNUSED_VARIABLE = YES;
				IPHONEOS_DEPLOYMENT_TARGET = 12.4;
				MTL_ENABLE_DEBUG_INFO = NO;
				MTL_FAST_MATH = YES;
				SDKROOT = iphoneos;
				SWIFT_COMPILATION_MODE = wholemodule;
				SWIFT_OPTIMIZATION_LEVEL = "-O";
				VALIDATE_PRODUCT = YES;
			};
			name = Release;
		};
		D54A52BA23232D1C0050E4B1 /* Debug */ = {
			isa = XCBuildConfiguration;
			buildSettings = {
				ASSETCATALOG_COMPILER_APPICON_NAME = AppIcon;
				CODE_SIGN_STYLE = Automatic;
				DEVELOPMENT_TEAM = 67M3TUBYTU;
				INFOPLIST_FILE = "JSON Serialization/Info.plist";
				LD_RUNPATH_SEARCH_PATHS = (
					"$(inherited)",
					"@executable_path/Frameworks",
				);
				PRODUCT_BUNDLE_IDENTIFIER = "fvc2m9.mizzou.JSON-Serialization";
				PRODUCT_NAME = "$(TARGET_NAME)";
				SWIFT_VERSION = 5.0;
				TARGETED_DEVICE_FAMILY = "1,2";
			};
			name = Debug;
		};
		D54A52BB23232D1C0050E4B1 /* Release */ = {
			isa = XCBuildConfiguration;
			buildSettings = {
				ASSETCATALOG_COMPILER_APPICON_NAME = AppIcon;
				CODE_SIGN_STYLE = Automatic;
				DEVELOPMENT_TEAM = 67M3TUBYTU;
				INFOPLIST_FILE = "JSON Serialization/Info.plist";
				LD_RUNPATH_SEARCH_PATHS = (
					"$(inherited)",
					"@executable_path/Frameworks",
				);
				PRODUCT_BUNDLE_IDENTIFIER = "fvc2m9.mizzou.JSON-Serialization";
				PRODUCT_NAME = "$(TARGET_NAME)";
				SWIFT_VERSION = 5.0;
				TARGETED_DEVICE_FAMILY = "1,2";
			};
			name = Release;
		};
		D54A52BD23232D1C0050E4B1 /* Debug */ = {
			isa = XCBuildConfiguration;
			buildSettings = {
				ALWAYS_EMBED_SWIFT_STANDARD_LIBRARIES = YES;
				CODE_SIGN_STYLE = Automatic;
				DEVELOPMENT_TEAM = 67M3TUBYTU;
				INFOPLIST_FILE = "JSON SerializationUITests/Info.plist";
				LD_RUNPATH_SEARCH_PATHS = (
					"$(inherited)",
					"@executable_path/Frameworks",
					"@loader_path/Frameworks",
				);
				PRODUCT_BUNDLE_IDENTIFIER = "fvc2m9.mizzou.JSON-SerializationUITests";
				PRODUCT_NAME = "$(TARGET_NAME)";
				SWIFT_VERSION = 5.0;
				TARGETED_DEVICE_FAMILY = "1,2";
				TEST_TARGET_NAME = "JSON Serialization";
			};
			name = Debug;
		};
		D54A52BE23232D1C0050E4B1 /* Release */ = {
			isa = XCBuildConfiguration;
			buildSettings = {
				ALWAYS_EMBED_SWIFT_STANDARD_LIBRARIES = YES;
				CODE_SIGN_STYLE = Automatic;
				DEVELOPMENT_TEAM = 67M3TUBYTU;
				INFOPLIST_FILE = "JSON SerializationUITests/Info.plist";
				LD_RUNPATH_SEARCH_PATHS = (
					"$(inherited)",
					"@executable_path/Frameworks",
					"@loader_path/Frameworks",
				);
				PRODUCT_BUNDLE_IDENTIFIER = "fvc2m9.mizzou.JSON-SerializationUITests";
				PRODUCT_NAME = "$(TARGET_NAME)";
				SWIFT_VERSION = 5.0;
				TARGETED_DEVICE_FAMILY = "1,2";
				TEST_TARGET_NAME = "JSON Serialization";
			};
			name = Release;
		};
/* End XCBuildConfiguration section */

/* Begin XCConfigurationList section */
		D54A529423232D1A0050E4B1 /* Build configuration list for PBXProject "JSON Serialization" */ = {
			isa = XCConfigurationList;
			buildConfigurations = (
				D54A52B723232D1C0050E4B1 /* Debug */,
				D54A52B823232D1C0050E4B1 /* Release */,
			);
			defaultConfigurationIsVisible = 0;
			defaultConfigurationName = Release;
		};
		D54A52B923232D1C0050E4B1 /* Build configuration list for PBXNativeTarget "JSON Serialization" */ = {
			isa = XCConfigurationList;
			buildConfigurations = (
				D54A52BA23232D1C0050E4B1 /* Debug */,
				D54A52BB23232D1C0050E4B1 /* Release */,
			);
			defaultConfigurationIsVisible = 0;
			defaultConfigurationName = Release;
		};
		D54A52BC23232D1C0050E4B1 /* Build configuration list for PBXNativeTarget "JSON SerializationUITests" */ = {
			isa = XCConfigurationList;
			buildConfigurations = (
				D54A52BD23232D1C0050E4B1 /* Debug */,
				D54A52BE23232D1C0050E4B1 /* Release */,
			);
			defaultConfigurationIsVisible = 0;
			defaultConfigurationName = Release;
		};
/* End XCConfigurationList section */

/* Begin XCVersionGroup section */
		D54A52A323232D1A0050E4B1 /* JSON_Serialization.xcdatamodeld */ = {
			isa = XCVersionGroup;
			children = (
				D54A52A423232D1A0050E4B1 /* JSON_Serialization.xcdatamodel */,
			);
			currentVersion = D54A52A423232D1A0050E4B1 /* JSON_Serialization.xcdatamodel */;
			path = JSON_Serialization.xcdatamodeld;
			sourceTree = "<group>";
			versionGroupType = wrapper.xcdatamodel;
		};
/* End XCVersionGroup section */
	};
	rootObject = D54A529123232D1A0050E4B1 /* Project object */;
}
